// !$*UTF8*$!
{
	archiveVersion = 1;
	classes = {};
	objectVersion = 55;
	objects = {

/* Begin PBXBuildFile section */
		6F1D9EAB2C7B7A7D00A0A001 /* DODO2App.swift in Sources */ = {isa = PBXBuildFile; fileRef = 6F1D9E9B2C7B7A7C00A0A001 /* DODO2App.swift */; };
		6F1D9EAC2C7B7A7D00A0A001 /* AppDelegate.swift in Sources */ = {isa = PBXBuildFile; fileRef = 6F1D9E9C2C7B7A7C00A0A001 /* AppDelegate.swift */; };
		6F1D9EAD2C7B7A7D00A0A001 /* PanelWindowController.swift in Sources */ = {isa = PBXBuildFile; fileRef = 6F1D9E9D2C7B7A7C00A0A001 /* PanelWindowController.swift */; };
		6F1D9EAE2C7B7A7D00A0A001 /* HotKeyManager.swift in Sources */ = {isa = PBXBuildFile; fileRef = 6F1D9E9E2C7B7A7C00A0A001 /* HotKeyManager.swift */; };
		6F1D9EAF2C7B7A7D00A0A001 /* Task.swift in Sources */ = {isa = PBXBuildFile; fileRef = 6F1D9E9F2C7B7A7C00A0A001 /* Task.swift */; };
		6F1D9EB02C7B7A7D00A0A001 /* BottomSheetRoot.swift in Sources */ = {isa = PBXBuildFile; fileRef = 6F1D9EA02C7B7A7C00A0A001 /* BottomSheetRoot.swift */; };
		6F1D9EB12C7B7A7D00A0A001 /* HeaderBar.swift in Sources */ = {isa = PBXBuildFile; fileRef = 6F1D9EA12C7B7A7C00A0A001 /* HeaderBar.swift */; };
		6F1D9EB22C7B7A7D00A0A001 /* TaskCardView.swift in Sources */ = {isa = PBXBuildFile; fileRef = 6F1D9EA22C7B7A7C00A0A001 /* TaskCardView.swift */; };
		6F1D9EB32C7B7A7D00A0A001 /* BrandTokens.swift in Sources */ = {isa = PBXBuildFile; fileRef = 6F1D9EA32C7B7A7C00A0A001 /* BrandTokens.swift */; };
		6F1D9F102C7B812100A0A001 /* SettingsModel.swift in Sources */ = {isa = PBXBuildFile; fileRef = 6F1D9F0F2C7B812100A0A001 /* SettingsModel.swift */; };
		6F1D9F132C7B816200A0A001 /* PreferencesView.swift in Sources */ = {isa = PBXBuildFile; fileRef = 6F1D9F122C7B816200A0A001 /* PreferencesView.swift */; };
		6F1D9F162C7B819900A0A001 /* ShortcutCaptureView.swift in Sources */ = {isa = PBXBuildFile; fileRef = 6F1D9F152C7B819900A0A001 /* ShortcutCaptureView.swift */; };
		6F1D9F192C7B81D300A0A001 /* SettingsTests.swift in Sources */ = {isa = PBXBuildFile; fileRef = 6F1D9F182C7B81D300A0A001 /* SettingsTests.swift */; };
		6F1D9EC02C7B7AF400A0A001 /* Persistence.swift in Sources */ = {isa = PBXBuildFile; fileRef = 6F1D9EBF2C7B7AF400A0A001 /* Persistence.swift */; };
		6F1D9EC32C7B7B2D00A0A001 /* Label.swift in Sources */ = {isa = PBXBuildFile; fileRef = 6F1D9EC22C7B7B2D00A0A001 /* Label.swift */; };
		6F1D9EC62C7B7B6A00A0A001 /* DragDrop.swift in Sources */ = {isa = PBXBuildFile; fileRef = 6F1D9EC52C7B7B6A00A0A001 /* DragDrop.swift */; };
		6F1D9ED12C7B7C1B00A0A001 /* PersistenceTests.swift in Sources */ = {isa = PBXBuildFile; fileRef = 6F1D9ED02C7B7C1B00A0A001 /* PersistenceTests.swift */; };
/* End PBXBuildFile section */

/* Begin PBXFileReference section */
		6F1D9E8E2C7B7A7C00A0A001 /* DODO2.app */ = {isa = PBXFileReference; explicitFileType = wrapper.application; includeInIndex = 0; path = DODO2.app; sourceTree = BUILT_PRODUCTS_DIR; };
		6F1D9E9B2C7B7A7C00A0A001 /* DODO2App.swift */ = {isa = PBXFileReference; lastKnownFileType = sourcecode.swift; path = DODO2App.swift; sourceTree = "<group>"; };
		6F1D9E9C2C7B7A7C00A0A001 /* AppDelegate.swift */ = {isa = PBXFileReference; lastKnownFileType = sourcecode.swift; path = AppDelegate.swift; sourceTree = "<group>"; };
		6F1D9E9D2C7B7A7C00A0A001 /* PanelWindowController.swift */ = {isa = PBXFileReference; lastKnownFileType = sourcecode.swift; path = PanelWindowController.swift; sourceTree = "<group>"; };
		6F1D9E9E2C7B7A7C00A0A001 /* HotKeyManager.swift */ = {isa = PBXFileReference; lastKnownFileType = sourcecode.swift; path = HotKeyManager.swift; sourceTree = "<group>"; };
		6F1D9E9F2C7B7A7C00A0A001 /* Task.swift */ = {isa = PBXFileReference; lastKnownFileType = sourcecode.swift; path = Task.swift; sourceTree = "<group>"; };
		6F1D9EA02C7B7A7C00A0A001 /* BottomSheetRoot.swift */ = {isa = PBXFileReference; lastKnownFileType = sourcecode.swift; path = BottomSheetRoot.swift; sourceTree = "<group>"; };
		6F1D9EA12C7B7A7C00A0A001 /* HeaderBar.swift */ = {isa = PBXFileReference; lastKnownFileType = sourcecode.swift; path = HeaderBar.swift; sourceTree = "<group>"; };
		6F1D9EA22C7B7A7C00A0A001 /* TaskCardView.swift */ = {isa = PBXFileReference; lastKnownFileType = sourcecode.swift; path = TaskCardView.swift; sourceTree = "<group>"; };
		6F1D9EA32C7B7A7C00A0A001 /* BrandTokens.swift */ = {isa = PBXFileReference; lastKnownFileType = sourcecode.swift; path = BrandTokens.swift; sourceTree = "<group>"; };
		6F1D9F0F2C7B812100A0A001 /* SettingsModel.swift */ = {isa = PBXFileReference; lastKnownFileType = sourcecode.swift; path = SettingsModel.swift; sourceTree = "<group>"; };
		6F1D9F122C7B816200A0A001 /* PreferencesView.swift */ = {isa = PBXFileReference; lastKnownFileType = sourcecode.swift; path = PreferencesView.swift; sourceTree = "<group>"; };
		6F1D9F152C7B819900A0A001 /* ShortcutCaptureView.swift */ = {isa = PBXFileReference; lastKnownFileType = sourcecode.swift; path = ShortcutCaptureView.swift; sourceTree = "<group>"; };
		6F1D9F182C7B81D300A0A001 /* SettingsTests.swift */ = {isa = PBXFileReference; lastKnownFileType = sourcecode.swift; path = SettingsTests.swift; sourceTree = "<group>"; };
		6F1D9EBF2C7B7AF400A0A001 /* Persistence.swift */ = {isa = PBXFileReference; lastKnownFileType = sourcecode.swift; path = Persistence.swift; sourceTree = "<group>"; };
		6F1D9EC22C7B7B2D00A0A001 /* Label.swift */ = {isa = PBXFileReference; lastKnownFileType = sourcecode.swift; path = Label.swift; sourceTree = "<group>"; };
		6F1D9EC52C7B7B6A00A0A001 /* DragDrop.swift */ = {isa = PBXFileReference; lastKnownFileType = sourcecode.swift; path = DragDrop.swift; sourceTree = "<group>"; };
		6F1D9ECE2C7B7BE100A0A001 /* DODO2Tests.xctest */ = {isa = PBXFileReference; explicitFileType = wrapper.cfbundle; includeInIndex = 0; path = DODO2Tests.xctest; sourceTree = BUILT_PRODUCTS_DIR; };
		6F1D9ED02C7B7C1B00A0A001 /* PersistenceTests.swift */ = {isa = PBXFileReference; lastKnownFileType = sourcecode.swift; path = PersistenceTests.swift; sourceTree = "<group>"; };
/* End PBXFileReference section */

/* Begin PBXFrameworksBuildPhase section */
		6F1D9E8B2C7B7A7C00A0A001 /* Frameworks */ = {isa = PBXFrameworksBuildPhase; buildActionMask = 2147483647; files = ( ); runOnlyForDeploymentPostprocessing = 0; };
		6F1D9ECB2C7B7BE100A0A001 /* Frameworks */ = {isa = PBXFrameworksBuildPhase; buildActionMask = 2147483647; files = ( ); runOnlyForDeploymentPostprocessing = 0; };
/* End PBXFrameworksBuildPhase section */

/* Begin PBXGroup section */
		6F1D9E852C7B7A7C00A0A001 = {isa = PBXGroup; children = (
			6F1D9E902C7B7A7C00A0A001 /* Sources */,
			6F1D9E8F2C7B7A7C00A0A001 /* Products */,
); sourceTree = "<group>"; };
		6F1D9E8F2C7B7A7C00A0A001 /* Products */ = {isa = PBXGroup; children = (
			6F1D9E8E2C7B7A7C00A0A001 /* DODO2.app */,
); name = Products; sourceTree = "<group>"; };
		6F1D9E902C7B7A7C00A0A001 /* Sources */ = {isa = PBXGroup; children = (
			6F1D9E912C7B7A7C00A0A001 /* DODO2 */,
			6F1D9ECD2C7B7BE100A0A001 /* Tests */,
); name = Sources; path = Sources; sourceTree = "<group>"; };
		6F1D9E912C7B7A7C00A0A001 /* DODO2 */ = {isa = PBXGroup; children = (
			6F1D9E9B2C7B7A7C00A0A001 /* DODO2App.swift */,
			6F1D9E9C2C7B7A7C00A0A001 /* AppDelegate.swift */,
			6F1D9E9E2C7B7A7C00A0A001 /* HotKeyManager.swift */,
			6F1D9E9D2C7B7A7C00A0A001 /* PanelWindowController.swift */,
			6F1D9E922C7B7A7C00A0A001 /* Models */,
			6F1D9EC92C7B7BDA00A0A001 /* Services */,
			6F1D9F112C7B814300A0A001 /* Settings */,
			6F1D9E932C7B7A7C00A0A001 /* UI */,
); path = DODO2; sourceTree = "<group>"; };
		6F1D9E922C7B7A7C00A0A001 /* Models */ = {isa = PBXGroup; children = (
			6F1D9E9F2C7B7A7C00A0A001 /* Task.swift */,
			6F1D9EC22C7B7B2D00A0A001 /* Label.swift */,
			6F1D9F0F2C7B812100A0A001 /* SettingsModel.swift */,
); path = Models; sourceTree = "<group>"; };
		6F1D9E932C7B7A7C00A0A001 /* UI */ = {isa = PBXGroup; children = (
			6F1D9E942C7B7A7C00A0A001 /* BottomSheet */,
			6F1D9EAA2C7B7A7D00A0A001 /* Theme */,
); path = UI; sourceTree = "<group>"; };
		6F1D9EC92C7B7BDA00A0A001 /* Services */ = {isa = PBXGroup; children = (
			6F1D9EBF2C7B7AF400A0A001 /* Persistence.swift */,
			6F1D9EC52C7B7B6A00A0A001 /* DragDrop.swift */,
); path = Services; sourceTree = "<group>"; };
		6F1D9ECD2C7B7BE100A0A001 /* Tests */ = {isa = PBXGroup; children = (
			6F1D9ED02C7B7C1B00A0A001 /* PersistenceTests.swift */,
			6F1D9F182C7B81D300A0A001 /* SettingsTests.swift */,
); name = Tests; path = Tests/DODO2Tests; sourceTree = "<group>"; };
		6F1D9E942C7B7A7C00A0A001 /* BottomSheet */ = {isa = PBXGroup; children = (
			6F1D9EA02C7B7A7C00A0A001 /* BottomSheetRoot.swift */,
			6F1D9EA12C7B7A7C00A0A001 /* HeaderBar.swift */,
			6F1D9EA22C7B7A7C00A0A001 /* TaskCardView.swift */,
); path = BottomSheet; sourceTree = "<group>"; };
		6F1D9F112C7B814300A0A001 /* Settings */ = {isa = PBXGroup; children = (
			6F1D9F122C7B816200A0A001 /* PreferencesView.swift */,
			6F1D9F152C7B819900A0A001 /* ShortcutCaptureView.swift */,
); path = Settings; sourceTree = "<group>"; };
		6F1D9EAA2C7B7A7D00A0A001 /* Theme */ = {isa = PBXGroup; children = (
			6F1D9EA32C7B7A7C00A0A001 /* BrandTokens.swift */,
); path = Theme; sourceTree = "<group>"; };
/* End PBXGroup section */

/* Begin PBXNativeTarget section */
		6F1D9E8D2C7B7A7C00A0A001 /* DODO2 */ = {isa = PBXNativeTarget; buildConfigurationList = 6F1D9E9A2C7B7A7C00A0A001 /* Build configuration list for PBXNativeTarget "DODO2" */; buildPhases = (
			6F1D9E8A2C7B7A7C00A0A001 /* Sources */,
			6F1D9E8B2C7B7A7C00A0A001 /* Frameworks */,
			6F1D9E8C2C7B7A7C00A0A001 /* Resources */,
); buildRules = (
);
 dependencies = (
);
 name = DODO2;
 productName = DODO2;
 productReference = 6F1D9E8E2C7B7A7C00A0A001 /* DODO2.app */;
 productType = "com.apple.product-type.application";
 };
		6F1D9ECA2C7B7BE100A0A001 /* DODO2Tests */ = {isa = PBXNativeTarget; buildConfigurationList = 6F1D9ED22C7B7C1B00A0A001 /* Build configuration list for PBXNativeTarget "DODO2Tests" */; buildPhases = (
			6F1D9ECA2C7B7BE200A0A001 /* Sources */,
			6F1D9ECB2C7B7BE100A0A001 /* Frameworks */,
			6F1D9ECC2C7B7BE100A0A001 /* Resources */,
); buildRules = (
);
 dependencies = (
);
 name = DODO2Tests;
 productName = DODO2Tests;
 productReference = 6F1D9ECE2C7B7BE100A0A001 /* DODO2Tests.xctest */;
 productType = "com.apple.product-type.bundle.unit-test";
 };
/* End PBXNativeTarget section */

/* Begin PBXProject section */
		6F1D9E862C7B7A7C00A0A001 /* Project object */ = {isa = PBXProject; attributes = { LastSwiftUpdateCheck = 1500; LastUpgradeCheck = 1500; ORGANIZATIONNAME = ""; }; buildConfigurationList = 6F1D9E892C7B7A7C00A0A001 /* Build configuration list for PBXProject "DODO2" */; compatibilityVersion = "Xcode 14.0"; developmentRegion = en; hasScannedForEncodings = 0; knownRegions = (en, Base, ); mainGroup = 6F1D9E852C7B7A7C00A0A001; productRefGroup = 6F1D9E8F2C7B7A7C00A0A001 /* Products */; projectDirPath = ""; projectRoot = ""; targets = (6F1D9E8D2C7B7A7C00A0A001 /* DODO2 */, ); };
		6F1D9E862C7B7A7C00A0A001 /* Project object */ = {isa = PBXProject; attributes = { LastSwiftUpdateCheck = 1500; LastUpgradeCheck = 1500; ORGANIZATIONNAME = ""; }; buildConfigurationList = 6F1D9E892C7B7A7C00A0A001 /* Build configuration list for PBXProject "DODO2" */; compatibilityVersion = "Xcode 14.0"; developmentRegion = en; hasScannedForEncodings = 0; knownRegions = (en, Base, ); mainGroup = 6F1D9E852C7B7A7C00A0A001; productRefGroup = 6F1D9E8F2C7B7A7C00A0A001 /* Products */; projectDirPath = ""; projectRoot = ""; targets = (6F1D9E8D2C7B7A7C00A0A001 /* DODO2 */, 6F1D9ECA2C7B7BE100A0A001 /* DODO2Tests */, ); };
/* End PBXProject section */

/* Begin PBXResourcesBuildPhase section */
		6F1D9E8C2C7B7A7C00A0A001 /* Resources */ = {isa = PBXResourcesBuildPhase; buildActionMask = 2147483647; files = ( ); runOnlyForDeploymentPostprocessing = 0; };
		6F1D9ECC2C7B7BE100A0A001 /* Resources */ = {isa = PBXResourcesBuildPhase; buildActionMask = 2147483647; files = ( ); runOnlyForDeploymentPostprocessing = 0; };
/* End PBXResourcesBuildPhase section */

/* Begin PBXSourcesBuildPhase section */
		6F1D9E8A2C7B7A7C00A0A001 /* Sources */ = {isa = PBXSourcesBuildPhase; buildActionMask = 2147483647; files = (
			6F1D9EAB2C7B7A7D00A0A001 /* DODO2App.swift in Sources */,
			6F1D9EAC2C7B7A7D00A0A001 /* AppDelegate.swift in Sources */,
			6F1D9EAD2C7B7A7D00A0A001 /* PanelWindowController.swift in Sources */,
			6F1D9EAE2C7B7A7D00A0A001 /* HotKeyManager.swift in Sources */,
			6F1D9EAF2C7B7A7D00A0A001 /* Task.swift in Sources */,
			6F1D9EB02C7B7A7D00A0A001 /* BottomSheetRoot.swift in Sources */,
			6F1D9EB12C7B7A7D00A0A001 /* HeaderBar.swift in Sources */,
			6F1D9EB22C7B7A7D00A0A001 /* TaskCardView.swift in Sources */,
			6F1D9EB32C7B7A7D00A0A001 /* BrandTokens.swift in Sources */,
			6F1D9EC02C7B7AF400A0A001 /* Persistence.swift in Sources */,
			6F1D9EC32C7B7B2D00A0A001 /* Label.swift in Sources */,
			6F1D9EC62C7B7B6A00A0A001 /* DragDrop.swift in Sources */,
			6F1D9F102C7B812100A0A001 /* SettingsModel.swift in Sources */,
			6F1D9F132C7B816200A0A001 /* PreferencesView.swift in Sources */,
			6F1D9F162C7B819900A0A001 /* ShortcutCaptureView.swift in Sources */,
); runOnlyForDeploymentPostprocessing = 0; };
		6F1D9ECA2C7B7BE200A0A001 /* Sources */ = {isa = PBXSourcesBuildPhase; buildActionMask = 2147483647; files = (
			6F1D9ED12C7B7C1B00A0A001 /* PersistenceTests.swift in Sources */,
			6F1D9F192C7B81D300A0A001 /* SettingsTests.swift in Sources */,
); runOnlyForDeploymentPostprocessing = 0; };
/* End PBXSourcesBuildPhase section */

/* Begin XCBuildConfiguration section */
		6F1D9E972C7B7A7C00A0A001 /* Debug */ = {isa = XCBuildConfiguration; buildSettings = {
            CODE_SIGNING_ALLOWED = NO;
            CODE_SIGNING_REQUIRED = NO;
            CODE_SIGN_IDENTITY = "-";
            COMBINE_HIDPI_IMAGES = YES;
            MACOSX_DEPLOYMENT_TARGET = 12.0;
            MTL_ENABLE_DEBUG_INFO = INCLUDE_SOURCE;
            ONLY_ACTIVE_ARCH = YES;
            SDKROOT = macosx;
            SWIFT_VERSION = 5.0;
        }; name = Debug; };
		6F1D9E982C7B7A7C00A0A001 /* Release */ = {isa = XCBuildConfiguration; buildSettings = {
            CODE_SIGNING_ALLOWED = NO;
            CODE_SIGNING_REQUIRED = NO;
            CODE_SIGN_IDENTITY = "-";
            COMBINE_HIDPI_IMAGES = YES;
            MACOSX_DEPLOYMENT_TARGET = 12.0;
            MTL_ENABLE_DEBUG_INFO = NO;
            SDKROOT = macosx;
            SWIFT_VERSION = 5.0;
        }; name = Release; };
		6F1D9E9D2C7B7A7C00A0A002 /* Debug */ = {isa = XCBuildConfiguration; buildSettings = {
            ASSETCATALOG_COMPILER_APPICON_NAME = "";
            CODE_SIGNING_ALLOWED = NO;
            CODE_SIGNING_REQUIRED = NO;
            CODE_SIGN_IDENTITY = "-";
            CURRENT_PROJECT_VERSION = 1;
            DEVELOPMENT_TEAM = "";
            ENABLE_HARDENED_RUNTIME = NO;
            GENERATE_INFOPLIST_FILE = YES;
            INFOPLIST_KEY_LSMinimumSystemVersion = 12.0;
            INFOPLIST_KEY_NSHighResolutionCapable = YES;
            INFOPLIST_KEY_NSPrincipalClass = NSApplication;
            LD_RUNPATH_SEARCH_PATHS = "@executable_path/../Frameworks";
            MACOSX_DEPLOYMENT_TARGET = 12.0;
            MARKETING_VERSION = 1.0;
            OTHER_LDFLAGS = ( "-framework", Carbon );
            PRODUCT_BUNDLE_IDENTIFIER = com.example.DODO2;
            PRODUCT_NAME = "$(TARGET_NAME)";
            SDKROOT = macosx;
            SWIFT_EMIT_LOC_STRINGS = YES;
            SWIFT_VERSION = 5.0;
            TARGETED_DEVICE_FAMILY = 6;
        }; name = Debug; };
		6F1D9E9E2C7B7A7C00A0A002 /* Release */ = {isa = XCBuildConfiguration; buildSettings = {
            ASSETCATALOG_COMPILER_APPICON_NAME = "";
            CODE_SIGNING_ALLOWED = NO;
            CODE_SIGNING_REQUIRED = NO;
            CODE_SIGN_IDENTITY = "-";
            CURRENT_PROJECT_VERSION = 1;
            DEVELOPMENT_TEAM = "";
            ENABLE_HARDENED_RUNTIME = NO;
            GENERATE_INFOPLIST_FILE = YES;
            INFOPLIST_KEY_LSMinimumSystemVersion = 12.0;
            INFOPLIST_KEY_NSHighResolutionCapable = YES;
            INFOPLIST_KEY_NSPrincipalClass = NSApplication;
            LD_RUNPATH_SEARCH_PATHS = "@executable_path/../Frameworks";
            MACOSX_DEPLOYMENT_TARGET = 12.0;
            MARKETING_VERSION = 1.0;
            OTHER_LDFLAGS = ( "-framework", Carbon );
            PRODUCT_BUNDLE_IDENTIFIER = com.example.DODO2;
            PRODUCT_NAME = "$(TARGET_NAME)";
            SDKROOT = macosx;
            SWIFT_EMIT_LOC_STRINGS = YES;
            SWIFT_VERSION = 5.0;
            TARGETED_DEVICE_FAMILY = 6;
        }; name = Release; };
		6F1D9ED32C7B7C1B00A0A001 /* Debug */ = {isa = XCBuildConfiguration; buildSettings = {
            CODE_SIGN_STYLE = Automatic;
            COMBINE_HIDPI_IMAGES = YES;
            INFOPLIST_FILE = "";
            LD_RUNPATH_SEARCH_PATHS = "@loader_path/../Frameworks";
            MACOSX_DEPLOYMENT_TARGET = 12.0;
            PRODUCT_BUNDLE_IDENTIFIER = com.example.DODO2Tests;
            PRODUCT_NAME = "$(TARGET_NAME)";
            SDKROOT = macosx;
            SWIFT_VERSION = 5.0;
        }; name = Debug; };
		6F1D9ED42C7B7C1B00A0A001 /* Release */ = {isa = XCBuildConfiguration; buildSettings = {
            CODE_SIGN_STYLE = Automatic;
            COMBINE_HIDPI_IMAGES = YES;
            INFOPLIST_FILE = "";
            LD_RUNPATH_SEARCH_PATHS = "@loader_path/../Frameworks";
            MACOSX_DEPLOYMENT_TARGET = 12.0;
            PRODUCT_BUNDLE_IDENTIFIER = com.example.DODO2Tests;
            PRODUCT_NAME = "$(TARGET_NAME)";
            SDKROOT = macosx;
            SWIFT_VERSION = 5.0;
        }; name = Release; };
/* End XCBuildConfiguration section */

/* Begin XCConfigurationList section */
		6F1D9E892C7B7A7C00A0A001 /* Build configuration list for PBXProject "DODO2" */ = {isa = XCConfigurationList; buildConfigurations = (
            6F1D9E972C7B7A7C00A0A001 /* Debug */,
            6F1D9E982C7B7A7C00A0A001 /* Release */,
        ); defaultConfigurationIsVisible = 0; defaultConfigurationName = Release; };
		6F1D9E9A2C7B7A7C00A0A001 /* Build configuration list for PBXNativeTarget "DODO2" */ = {isa = XCConfigurationList; buildConfigurations = (
            6F1D9E9D2C7B7A7C00A0A002 /* Debug */,
            6F1D9E9E2C7B7A7C00A0A002 /* Release */,
        ); defaultConfigurationIsVisible = 0; defaultConfigurationName = Release; };
		6F1D9ED22C7B7C1B00A0A001 /* Build configuration list for PBXNativeTarget "DODO2Tests" */ = {isa = XCConfigurationList; buildConfigurations = (
            6F1D9ED32C7B7C1B00A0A001 /* Debug */,
            6F1D9ED42C7B7C1B00A0A001 /* Release */,
        ); defaultConfigurationIsVisible = 0; defaultConfigurationName = Release; };
/* End XCConfigurationList section */

    };
    rootObject = 6F1D9E862C7B7A7C00A0A001 /* Project object */;
}
